// !$*UTF8*$!
{
	archiveVersion = 1;
	classes = {
	};
	objectVersion = 55;
	objects = {

/* Begin PBXBuildFile section */
		9B64333E2742B14E00F53E56 /* AppDelegate.swift in Sources */ = {isa = PBXBuildFile; fileRef = 9B64333D2742B14E00F53E56 /* AppDelegate.swift */; };
		9B6433402742B14E00F53E56 /* SceneDelegate.swift in Sources */ = {isa = PBXBuildFile; fileRef = 9B64333F2742B14E00F53E56 /* SceneDelegate.swift */; };
		9B6433422742B14E00F53E56 /* ViewController.swift in Sources */ = {isa = PBXBuildFile; fileRef = 9B6433412742B14E00F53E56 /* ViewController.swift */; };
		9B6433452742B14E00F53E56 /* Main.storyboard in Resources */ = {isa = PBXBuildFile; fileRef = 9B6433432742B14E00F53E56 /* Main.storyboard */; };
		9B6433472742B14E00F53E56 /* Assets.xcassets in Resources */ = {isa = PBXBuildFile; fileRef = 9B6433462742B14E00F53E56 /* Assets.xcassets */; };
		9B64334A2742B14E00F53E56 /* LaunchScreen.storyboard in Resources */ = {isa = PBXBuildFile; fileRef = 9B6433482742B14E00F53E56 /* LaunchScreen.storyboard */; };
		9B6433552742B14E00F53E56 /* swift_instagramTests.swift in Sources */ = {isa = PBXBuildFile; fileRef = 9B6433542742B14E00F53E56 /* swift_instagramTests.swift */; };
		9B64335F2742B14E00F53E56 /* swift_instagramUITests.swift in Sources */ = {isa = PBXBuildFile; fileRef = 9B64335E2742B14E00F53E56 /* swift_instagramUITests.swift */; };
		9B6433612742B14E00F53E56 /* swift_instagramUITestsLaunchTests.swift in Sources */ = {isa = PBXBuildFile; fileRef = 9B6433602742B14E00F53E56 /* swift_instagramUITestsLaunchTests.swift */; };
/* End PBXBuildFile section */

/* Begin PBXContainerItemProxy section */
		9B6433512742B14E00F53E56 /* PBXContainerItemProxy */ = {
			isa = PBXContainerItemProxy;
			containerPortal = 9B6433322742B14E00F53E56 /* Project object */;
			proxyType = 1;
			remoteGlobalIDString = 9B6433392742B14E00F53E56;
			remoteInfo = swift_instagram;
		};
		9B64335B2742B14E00F53E56 /* PBXContainerItemProxy */ = {
			isa = PBXContainerItemProxy;
			containerPortal = 9B6433322742B14E00F53E56 /* Project object */;
			proxyType = 1;
			remoteGlobalIDString = 9B6433392742B14E00F53E56;
			remoteInfo = swift_instagram;
		};
/* End PBXContainerItemProxy section */

/* Begin PBXFileReference section */
		9B64333A2742B14E00F53E56 /* swift_instagram.app */ = {isa = PBXFileReference; explicitFileType = wrapper.application; includeInIndex = 0; path = swift_instagram.app; sourceTree = BUILT_PRODUCTS_DIR; };
		9B64333D2742B14E00F53E56 /* AppDelegate.swift */ = {isa = PBXFileReference; lastKnownFileType = sourcecode.swift; path = AppDelegate.swift; sourceTree = "<group>"; };
		9B64333F2742B14E00F53E56 /* SceneDelegate.swift */ = {isa = PBXFileReference; lastKnownFileType = sourcecode.swift; path = SceneDelegate.swift; sourceTree = "<group>"; };
		9B6433412742B14E00F53E56 /* ViewController.swift */ = {isa = PBXFileReference; lastKnownFileType = sourcecode.swift; path = ViewController.swift; sourceTree = "<group>"; };
		9B6433442742B14E00F53E56 /* Base */ = {isa = PBXFileReference; lastKnownFileType = file.storyboard; name = Base; path = Base.lproj/Main.storyboard; sourceTree = "<group>"; };
		9B6433462742B14E00F53E56 /* Assets.xcassets */ = {isa = PBXFileReference; lastKnownFileType = folder.assetcatalog; path = Assets.xcassets; sourceTree = "<group>"; };
		9B6433492742B14E00F53E56 /* Base */ = {isa = PBXFileReference; lastKnownFileType = file.storyboard; name = Base; path = Base.lproj/LaunchScreen.storyboard; sourceTree = "<group>"; };
		9B64334B2742B14E00F53E56 /* Info.plist */ = {isa = PBXFileReference; lastKnownFileType = text.plist.xml; path = Info.plist; sourceTree = "<group>"; };
		9B6433502742B14E00F53E56 /* swift_instagramTests.xctest */ = {isa = PBXFileReference; explicitFileType = wrapper.cfbundle; includeInIndex = 0; path = swift_instagramTests.xctest; sourceTree = BUILT_PRODUCTS_DIR; };
		9B6433542742B14E00F53E56 /* swift_instagramTests.swift */ = {isa = PBXFileReference; lastKnownFileType = sourcecode.swift; path = swift_instagramTests.swift; sourceTree = "<group>"; };
		9B64335A2742B14E00F53E56 /* swift_instagramUITests.xctest */ = {isa = PBXFileReference; explicitFileType = wrapper.cfbundle; includeInIndex = 0; path = swift_instagramUITests.xctest; sourceTree = BUILT_PRODUCTS_DIR; };
		9B64335E2742B14E00F53E56 /* swift_instagramUITests.swift */ = {isa = PBXFileReference; lastKnownFileType = sourcecode.swift; path = swift_instagramUITests.swift; sourceTree = "<group>"; };
		9B6433602742B14E00F53E56 /* swift_instagramUITestsLaunchTests.swift */ = {isa = PBXFileReference; lastKnownFileType = sourcecode.swift; path = swift_instagramUITestsLaunchTests.swift; sourceTree = "<group>"; };
/* End PBXFileReference section */

/* Begin PBXFrameworksBuildPhase section */
		9B6433372742B14E00F53E56 /* Frameworks */ = {
			isa = PBXFrameworksBuildPhase;
			buildActionMask = 2147483647;
			files = (
			);
			runOnlyForDeploymentPostprocessing = 0;
		};
		9B64334D2742B14E00F53E56 /* Frameworks */ = {
			isa = PBXFrameworksBuildPhase;
			buildActionMask = 2147483647;
			files = (
			);
			runOnlyForDeploymentPostprocessing = 0;
		};
		9B6433572742B14E00F53E56 /* Frameworks */ = {
			isa = PBXFrameworksBuildPhase;
			buildActionMask = 2147483647;
			files = (
			);
			runOnlyForDeploymentPostprocessing = 0;
		};
/* End PBXFrameworksBuildPhase section */

/* Begin PBXGroup section */
		9B6433312742B14E00F53E56 = {
			isa = PBXGroup;
			children = (
				9B64333C2742B14E00F53E56 /* swift_instagram */,
				9B6433532742B14E00F53E56 /* swift_instagramTests */,
				9B64335D2742B14E00F53E56 /* swift_instagramUITests */,
				9B64333B2742B14E00F53E56 /* Products */,
			);
			sourceTree = "<group>";
		};
		9B64333B2742B14E00F53E56 /* Products */ = {
			isa = PBXGroup;
			children = (
				9B64333A2742B14E00F53E56 /* swift_instagram.app */,
				9B6433502742B14E00F53E56 /* swift_instagramTests.xctest */,
				9B64335A2742B14E00F53E56 /* swift_instagramUITests.xctest */,
			);
			name = Products;
			sourceTree = "<group>";
		};
		9B64333C2742B14E00F53E56 /* swift_instagram */ = {
			isa = PBXGroup;
			children = (
				9B64333D2742B14E00F53E56 /* AppDelegate.swift */,
				9B64333F2742B14E00F53E56 /* SceneDelegate.swift */,
				9B6433412742B14E00F53E56 /* ViewController.swift */,
				9B6433432742B14E00F53E56 /* Main.storyboard */,
				9B6433462742B14E00F53E56 /* Assets.xcassets */,
				9B6433482742B14E00F53E56 /* LaunchScreen.storyboard */,
				9B64334B2742B14E00F53E56 /* Info.plist */,
			);
			path = swift_instagram;
			sourceTree = "<group>";
		};
		9B6433532742B14E00F53E56 /* swift_instagramTests */ = {
			isa = PBXGroup;
			children = (
				9B6433542742B14E00F53E56 /* swift_instagramTests.swift */,
			);
			path = swift_instagramTests;
			sourceTree = "<group>";
		};
		9B64335D2742B14E00F53E56 /* swift_instagramUITests */ = {
			isa = PBXGroup;
			children = (
				9B64335E2742B14E00F53E56 /* swift_instagramUITests.swift */,
				9B6433602742B14E00F53E56 /* swift_instagramUITestsLaunchTests.swift */,
			);
			path = swift_instagramUITests;
			sourceTree = "<group>";
		};
/* End PBXGroup section */

/* Begin PBXNativeTarget section */
		9B6433392742B14E00F53E56 /* swift_instagram */ = {
			isa = PBXNativeTarget;
			buildConfigurationList = 9B6433642742B14E00F53E56 /* Build configuration list for PBXNativeTarget "swift_instagram" */;
			buildPhases = (
				9B6433362742B14E00F53E56 /* Sources */,
				9B6433372742B14E00F53E56 /* Frameworks */,
				9B6433382742B14E00F53E56 /* Resources */,
			);
			buildRules = (
			);
			dependencies = (
			);
			name = swift_instagram;
			productName = swift_instagram;
			productReference = 9B64333A2742B14E00F53E56 /* swift_instagram.app */;
			productType = "com.apple.product-type.application";
		};
		9B64334F2742B14E00F53E56 /* swift_instagramTests */ = {
			isa = PBXNativeTarget;
			buildConfigurationList = 9B6433672742B14E00F53E56 /* Build configuration list for PBXNativeTarget "swift_instagramTests" */;
			buildPhases = (
				9B64334C2742B14E00F53E56 /* Sources */,
				9B64334D2742B14E00F53E56 /* Frameworks */,
				9B64334E2742B14E00F53E56 /* Resources */,
			);
			buildRules = (
			);
			dependencies = (
				9B6433522742B14E00F53E56 /* PBXTargetDependency */,
			);
			name = swift_instagramTests;
			productName = swift_instagramTests;
			productReference = 9B6433502742B14E00F53E56 /* swift_instagramTests.xctest */;
			productType = "com.apple.product-type.bundle.unit-test";
		};
		9B6433592742B14E00F53E56 /* swift_instagramUITests */ = {
			isa = PBXNativeTarget;
			buildConfigurationList = 9B64336A2742B14E00F53E56 /* Build configuration list for PBXNativeTarget "swift_instagramUITests" */;
			buildPhases = (
				9B6433562742B14E00F53E56 /* Sources */,
				9B6433572742B14E00F53E56 /* Frameworks */,
				9B6433582742B14E00F53E56 /* Resources */,
			);
			buildRules = (
			);
			dependencies = (
				9B64335C2742B14E00F53E56 /* PBXTargetDependency */,
			);
			name = swift_instagramUITests;
			productName = swift_instagramUITests;
			productReference = 9B64335A2742B14E00F53E56 /* swift_instagramUITests.xctest */;
			productType = "com.apple.product-type.bundle.ui-testing";
		};
/* End PBXNativeTarget section */

/* Begin PBXProject section */
		9B6433322742B14E00F53E56 /* Project object */ = {
			isa = PBXProject;
			attributes = {
				BuildIndependentTargetsInParallel = 1;
				LastSwiftUpdateCheck = 1310;
				LastUpgradeCheck = 1310;
				TargetAttributes = {
					9B6433392742B14E00F53E56 = {
						CreatedOnToolsVersion = 13.1;
					};
					9B64334F2742B14E00F53E56 = {
						CreatedOnToolsVersion = 13.1;
						TestTargetID = 9B6433392742B14E00F53E56;
					};
					9B6433592742B14E00F53E56 = {
						CreatedOnToolsVersion = 13.1;
						TestTargetID = 9B6433392742B14E00F53E56;
					};
				};
			};
			buildConfigurationList = 9B6433352742B14E00F53E56 /* Build configuration list for PBXProject "swift_instagram" */;
			compatibilityVersion = "Xcode 13.0";
			developmentRegion = en;
			hasScannedForEncodings = 0;
			knownRegions = (
				en,
				Base,
			);
			mainGroup = 9B6433312742B14E00F53E56;
			productRefGroup = 9B64333B2742B14E00F53E56 /* Products */;
			projectDirPath = "";
			projectRoot = "";
			targets = (
				9B6433392742B14E00F53E56 /* swift_instagram */,
				9B64334F2742B14E00F53E56 /* swift_instagramTests */,
				9B6433592742B14E00F53E56 /* swift_instagramUITests */,
			);
		};
/* End PBXProject section */

/* Begin PBXResourcesBuildPhase section */
		9B6433382742B14E00F53E56 /* Resources */ = {
			isa = PBXResourcesBuildPhase;
			buildActionMask = 2147483647;
			files = (
				9B64334A2742B14E00F53E56 /* LaunchScreen.storyboard in Resources */,
				9B6433472742B14E00F53E56 /* Assets.xcassets in Resources */,
				9B6433452742B14E00F53E56 /* Main.storyboard in Resources */,
			);
			runOnlyForDeploymentPostprocessing = 0;
		};
		9B64334E2742B14E00F53E56 /* Resources */ = {
			isa = PBXResourcesBuildPhase;
			buildActionMask = 2147483647;
			files = (
			);
			runOnlyForDeploymentPostprocessing = 0;
		};
		9B6433582742B14E00F53E56 /* Resources */ = {
			isa = PBXResourcesBuildPhase;
			buildActionMask = 2147483647;
			files = (
			);
			runOnlyForDeploymentPostprocessing = 0;
		};
/* End PBXResourcesBuildPhase section */

/* Begin PBXSourcesBuildPhase section */
		9B6433362742B14E00F53E56 /* Sources */ = {
			isa = PBXSourcesBuildPhase;
			buildActionMask = 2147483647;
			files = (
				9B6433422742B14E00F53E56 /* ViewController.swift in Sources */,
				9B64333E2742B14E00F53E56 /* AppDelegate.swift in Sources */,
				9B6433402742B14E00F53E56 /* SceneDelegate.swift in Sources */,
			);
			runOnlyForDeploymentPostprocessing = 0;
		};
		9B64334C2742B14E00F53E56 /* Sources */ = {
			isa = PBXSourcesBuildPhase;
			buildActionMask = 2147483647;
			files = (
				9B6433552742B14E00F53E56 /* swift_instagramTests.swift in Sources */,
			);
			runOnlyForDeploymentPostprocessing = 0;
		};
		9B6433562742B14E00F53E56 /* Sources */ = {
			isa = PBXSourcesBuildPhase;
			buildActionMask = 2147483647;
			files = (
				9B64335F2742B14E00F53E56 /* swift_instagramUITests.swift in Sources */,
				9B6433612742B14E00F53E56 /* swift_instagramUITestsLaunchTests.swift in Sources */,
			);
			runOnlyForDeploymentPostprocessing = 0;
		};
/* End PBXSourcesBuildPhase section */

/* Begin PBXTargetDependency section */
		9B6433522742B14E00F53E56 /* PBXTargetDependency */ = {
			isa = PBXTargetDependency;
			target = 9B6433392742B14E00F53E56 /* swift_instagram */;
			targetProxy = 9B6433512742B14E00F53E56 /* PBXContainerItemProxy */;
		};
		9B64335C2742B14E00F53E56 /* PBXTargetDependency */ = {
			isa = PBXTargetDependency;
			target = 9B6433392742B14E00F53E56 /* swift_instagram */;
			targetProxy = 9B64335B2742B14E00F53E56 /* PBXContainerItemProxy */;
		};
/* End PBXTargetDependency section */

/* Begin PBXVariantGroup section */
		9B6433432742B14E00F53E56 /* Main.storyboard */ = {
			isa = PBXVariantGroup;
			children = (
				9B6433442742B14E00F53E56 /* Base */,
			);
			name = Main.storyboard;
			sourceTree = "<group>";
		};
		9B6433482742B14E00F53E56 /* LaunchScreen.storyboard */ = {
			isa = PBXVariantGroup;
			children = (
				9B6433492742B14E00F53E56 /* Base */,
			);
			name = LaunchScreen.storyboard;
			sourceTree = "<group>";
		};
/* End PBXVariantGroup section */

/* Begin XCBuildConfiguration section */
		9B6433622742B14E00F53E56 /* Debug */ = {
			isa = XCBuildConfiguration;
			buildSettings = {
				ALWAYS_SEARCH_USER_PATHS = NO;
				CLANG_ANALYZER_NONNULL = YES;
				CLANG_ANALYZER_NUMBER_OBJECT_CONVERSION = YES_AGGRESSIVE;
				CLANG_CXX_LANGUAGE_STANDARD = "gnu++17";
				CLANG_CXX_LIBRARY = "libc++";
				CLANG_ENABLE_MODULES = YES;
				CLANG_ENABLE_OBJC_ARC = YES;
				CLANG_ENABLE_OBJC_WEAK = YES;
				CLANG_WARN_BLOCK_CAPTURE_AUTORELEASING = YES;
				CLANG_WARN_BOOL_CONVERSION = YES;
				CLANG_WARN_COMMA = YES;
				CLANG_WARN_CONSTANT_CONVERSION = YES;
				CLANG_WARN_DEPRECATED_OBJC_IMPLEMENTATIONS = YES;
				CLANG_WARN_DIRECT_OBJC_ISA_USAGE = YES_ERROR;
				CLANG_WARN_DOCUMENTATION_COMMENTS = YES;
				CLANG_WARN_EMPTY_BODY = YES;
				CLANG_WARN_ENUM_CONVERSION = YES;
				CLANG_WARN_INFINITE_RECURSION = YES;
				CLANG_WARN_INT_CONVERSION = YES;
				CLANG_WARN_NON_LITERAL_NULL_CONVERSION = YES;
				CLANG_WARN_OBJC_IMPLICIT_RETAIN_SELF = YES;
				CLANG_WARN_OBJC_LITERAL_CONVERSION = YES;
				CLANG_WARN_OBJC_ROOT_CLASS = YES_ERROR;
				CLANG_WARN_QUOTED_INCLUDE_IN_FRAMEWORK_HEADER = YES;
				CLANG_WARN_RANGE_LOOP_ANALYSIS = YES;
				CLANG_WARN_STRICT_PROTOTYPES = YES;
				CLANG_WARN_SUSPICIOUS_MOVE = YES;
				CLANG_WARN_UNGUARDED_AVAILABILITY = YES_AGGRESSIVE;
				CLANG_WARN_UNREACHABLE_CODE = YES;
				CLANG_WARN__DUPLICATE_METHOD_MATCH = YES;
				COPY_PHASE_STRIP = NO;
				DEBUG_INFORMATION_FORMAT = dwarf;
				ENABLE_STRICT_OBJC_MSGSEND = YES;
				ENABLE_TESTABILITY = YES;
				GCC_C_LANGUAGE_STANDARD = gnu11;
				GCC_DYNAMIC_NO_PIC = NO;
				GCC_NO_COMMON_BLOCKS = YES;
				GCC_OPTIMIZATION_LEVEL = 0;
				GCC_PREPROCESSOR_DEFINITIONS = (
					"DEBUG=1",
					"$(inherited)",
				);
				GCC_WARN_64_TO_32_BIT_CONVERSION = YES;
				GCC_WARN_ABOUT_RETURN_TYPE = YES_ERROR;
				GCC_WARN_UNDECLARED_SELECTOR = YES;
				GCC_WARN_UNINITIALIZED_AUTOS = YES_AGGRESSIVE;
				GCC_WARN_UNUSED_FUNCTION = YES;
				GCC_WARN_UNUSED_VARIABLE = YES;
				IPHONEOS_DEPLOYMENT_TARGET = 15.0;
				MTL_ENABLE_DEBUG_INFO = INCLUDE_SOURCE;
				MTL_FAST_MATH = YES;
				ONLY_ACTIVE_ARCH = YES;
				SDKROOT = iphoneos;
				SWIFT_ACTIVE_COMPILATION_CONDITIONS = DEBUG;
				SWIFT_OPTIMIZATION_LEVEL = "-Onone";
			};
			name = Debug;
		};
		9B6433632742B14E00F53E56 /* Release */ = {
			isa = XCBuildConfiguration;
			buildSettings = {
				ALWAYS_SEARCH_USER_PATHS = NO;
				CLANG_ANALYZER_NONNULL = YES;
				CLANG_ANALYZER_NUMBER_OBJECT_CONVERSION = YES_AGGRESSIVE;
				CLANG_CXX_LANGUAGE_STANDARD = "gnu++17";
				CLANG_CXX_LIBRARY = "libc++";
				CLANG_ENABLE_MODULES = YES;
				CLANG_ENABLE_OBJC_ARC = YES;
				CLANG_ENABLE_OBJC_WEAK = YES;
				CLANG_WARN_BLOCK_CAPTURE_AUTORELEASING = YES;
				CLANG_WARN_BOOL_CONVERSION = YES;
				CLANG_WARN_COMMA = YES;
				CLANG_WARN_CONSTANT_CONVERSION = YES;
				CLANG_WARN_DEPRECATED_OBJC_IMPLEMENTATIONS = YES;
				CLANG_WARN_DIRECT_OBJC_ISA_USAGE = YES_ERROR;
				CLANG_WARN_DOCUMENTATION_COMMENTS = YES;
				CLANG_WARN_EMPTY_BODY = YES;
				CLANG_WARN_ENUM_CONVERSION = YES;
				CLANG_WARN_INFINITE_RECURSION = YES;
				CLANG_WARN_INT_CONVERSION = YES;
				CLANG_WARN_NON_LITERAL_NULL_CONVERSION = YES;
				CLANG_WARN_OBJC_IMPLICIT_RETAIN_SELF = YES;
				CLANG_WARN_OBJC_LITERAL_CONVERSION = YES;
				CLANG_WARN_OBJC_ROOT_CLASS = YES_ERROR;
				CLANG_WARN_QUOTED_INCLUDE_IN_FRAMEWORK_HEADER = YES;
				CLANG_WARN_RANGE_LOOP_ANALYSIS = YES;
				CLANG_WARN_STRICT_PROTOTYPES = YES;
				CLANG_WARN_SUSPICIOUS_MOVE = YES;
				CLANG_WARN_UNGUARDED_AVAILABILITY = YES_AGGRESSIVE;
				CLANG_WARN_UNREACHABLE_CODE = YES;
				CLANG_WARN__DUPLICATE_METHOD_MATCH = YES;
				COPY_PHASE_STRIP = NO;
				DEBUG_INFORMATION_FORMAT = "dwarf-with-dsym";
				ENABLE_NS_ASSERTIONS = NO;
				ENABLE_STRICT_OBJC_MSGSEND = YES;
				GCC_C_LANGUAGE_STANDARD = gnu11;
				GCC_NO_COMMON_BLOCKS = YES;
				GCC_WARN_64_TO_32_BIT_CONVERSION = YES;
				GCC_WARN_ABOUT_RETURN_TYPE = YES_ERROR;
				GCC_WARN_UNDECLARED_SELECTOR = YES;
				GCC_WARN_UNINITIALIZED_AUTOS = YES_AGGRESSIVE;
				GCC_WARN_UNUSED_FUNCTION = YES;
				GCC_WARN_UNUSED_VARIABLE = YES;
				IPHONEOS_DEPLOYMENT_TARGET = 15.0;
				MTL_ENABLE_DEBUG_INFO = NO;
				MTL_FAST_MATH = YES;
				SDKROOT = iphoneos;
				SWIFT_COMPILATION_MODE = wholemodule;
				SWIFT_OPTIMIZATION_LEVEL = "-O";
				VALIDATE_PRODUCT = YES;
			};
			name = Release;
		};
		9B6433652742B14E00F53E56 /* Debug */ = {
			isa = XCBuildConfiguration;
			buildSettings = {
				ASSETCATALOG_COMPILER_APPICON_NAME = AppIcon;
				ASSETCATALOG_COMPILER_GLOBAL_ACCENT_COLOR_NAME = AccentColor;
				CODE_SIGN_STYLE = Automatic;
				CURRENT_PROJECT_VERSION = 1;
				DEVELOPMENT_TEAM = JUG5Q2JKZC;
				GENERATE_INFOPLIST_FILE = YES;
				INFOPLIST_FILE = swift_instagram/Info.plist;
				INFOPLIST_KEY_UIApplicationSupportsIndirectInputEvents = YES;
				INFOPLIST_KEY_UILaunchStoryboardName = LaunchScreen;
				INFOPLIST_KEY_UIMainStoryboardFile = Main;
				INFOPLIST_KEY_UISupportedInterfaceOrientations_iPad = "UIInterfaceOrientationPortrait UIInterfaceOrientationPortraitUpsideDown UIInterfaceOrientationLandscapeLeft UIInterfaceOrientationLandscapeRight";
				INFOPLIST_KEY_UISupportedInterfaceOrientations_iPhone = "UIInterfaceOrientationPortrait UIInterfaceOrientationLandscapeLeft UIInterfaceOrientationLandscapeRight";
				LD_RUNPATH_SEARCH_PATHS = (
					"$(inherited)",
					"@executable_path/Frameworks",
				);
				MARKETING_VERSION = 1.0;
				PRODUCT_BUNDLE_IDENTIFIER = "com.app.swift.swift-instagram";
				PRODUCT_NAME = "$(TARGET_NAME)";
				SWIFT_EMIT_LOC_STRINGS = YES;
				SWIFT_VERSION = 5.0;
				TARGETED_DEVICE_FAMILY = "1,2";
			};
			name = Debug;
		};
		9B6433662742B14E00F53E56 /* Release */ = {
			isa = XCBuildConfiguration;
			buildSettings = {
				ASSETCATALOG_COMPILER_APPICON_NAME = AppIcon;
				ASSETCATALOG_COMPILER_GLOBAL_ACCENT_COLOR_NAME = AccentColor;
				CODE_SIGN_STYLE = Automatic;
				CURRENT_PROJECT_VERSION = 1;
				DEVELOPMENT_TEAM = JUG5Q2JKZC;
				GENERATE_INFOPLIST_FILE = YES;
				INFOPLIST_FILE = swift_instagram/Info.plist;
				INFOPLIST_KEY_UIApplicationSupportsIndirectInputEvents = YES;
				INFOPLIST_KEY_UILaunchStoryboardName = LaunchScreen;
				INFOPLIST_KEY_UIMainStoryboardFile = Main;
				INFOPLIST_KEY_UISupportedInterfaceOrientations_iPad = "UIInterfaceOrientationPortrait UIInterfaceOrientationPortraitUpsideDown UIInterfaceOrientationLandscapeLeft UIInterfaceOrientationLandscapeRight";
				INFOPLIST_KEY_UISupportedInterfaceOrientations_iPhone = "UIInterfaceOrientationPortrait UIInterfaceOrientationLandscapeLeft UIInterfaceOrientationLandscapeRight";
				LD_RUNPATH_SEARCH_PATHS = (
					"$(inherited)",
					"@executable_path/Frameworks",
				);
				MARKETING_VERSION = 1.0;
				PRODUCT_BUNDLE_IDENTIFIER = "com.app.swift.swift-instagram";
				PRODUCT_NAME = "$(TARGET_NAME)";
				SWIFT_EMIT_LOC_STRINGS = YES;
				SWIFT_VERSION = 5.0;
				TARGETED_DEVICE_FAMILY = "1,2";
			};
			name = Release;
		};
		9B6433682742B14E00F53E56 /* Debug */ = {
			isa = XCBuildConfiguration;
			buildSettings = {
				ALWAYS_EMBED_SWIFT_STANDARD_LIBRARIES = YES;
				BUNDLE_LOADER = "$(TEST_HOST)";
				CODE_SIGN_STYLE = Automatic;
				CURRENT_PROJECT_VERSION = 1;
				DEVELOPMENT_TEAM = JUG5Q2JKZC;
				GENERATE_INFOPLIST_FILE = YES;
				IPHONEOS_DEPLOYMENT_TARGET = 15.0;
				LD_RUNPATH_SEARCH_PATHS = (
					"$(inherited)",
					"@executable_path/Frameworks",
					"@loader_path/Frameworks",
				);
				MARKETING_VERSION = 1.0;
				PRODUCT_BUNDLE_IDENTIFIER = "com.app.swift.swift-instagramTests";
				PRODUCT_NAME = "$(TARGET_NAME)";
				SWIFT_EMIT_LOC_STRINGS = NO;
				SWIFT_VERSION = 5.0;
				TARGETED_DEVICE_FAMILY = "1,2";
				TEST_HOST = "$(BUILT_PRODUCTS_DIR)/swift_instagram.app/swift_instagram";
			};
			name = Debug;
		};
		9B6433692742B14E00F53E56 /* Release */ = {
			isa = XCBuildConfiguration;
			buildSettings = {
				ALWAYS_EMBED_SWIFT_STANDARD_LIBRARIES = YES;
				BUNDLE_LOADER = "$(TEST_HOST)";
				CODE_SIGN_STYLE = Automatic;
				CURRENT_PROJECT_VERSION = 1;
				DEVELOPMENT_TEAM = JUG5Q2JKZC;
				GENERATE_INFOPLIST_FILE = YES;
				IPHONEOS_DEPLOYMENT_TARGET = 15.0;
				LD_RUNPATH_SEARCH_PATHS = (
					"$(inherited)",
					"@executable_path/Frameworks",
					"@loader_path/Frameworks",
				);
				MARKETING_VERSION = 1.0;
				PRODUCT_BUNDLE_IDENTIFIER = "com.app.swift.swift-instagramTests";
				PRODUCT_NAME = "$(TARGET_NAME)";
				SWIFT_EMIT_LOC_STRINGS = NO;
				SWIFT_VERSION = 5.0;
				TARGETED_DEVICE_FAMILY = "1,2";
				TEST_HOST = "$(BUILT_PRODUCTS_DIR)/swift_instagram.app/swift_instagram";
			};
			name = Release;
		};
		9B64336B2742B14E00F53E56 /* Debug */ = {
			isa = XCBuildConfiguration;
			buildSettings = {
				ALWAYS_EMBED_SWIFT_STANDARD_LIBRARIES = YES;
				CODE_SIGN_STYLE = Automatic;
				CURRENT_PROJECT_VERSION = 1;
				DEVELOPMENT_TEAM = JUG5Q2JKZC;
				GENERATE_INFOPLIST_FILE = YES;
				LD_RUNPATH_SEARCH_PATHS = (
					"$(inherited)",
					"@executable_path/Frameworks",
					"@loader_path/Frameworks",
				);
				MARKETING_VERSION = 1.0;
				PRODUCT_BUNDLE_IDENTIFIER = "com.app.swift.swift-instagramUITests";
				PRODUCT_NAME = "$(TARGET_NAME)";
				SWIFT_EMIT_LOC_STRINGS = NO;
				SWIFT_VERSION = 5.0;
				TARGETED_DEVICE_FAMILY = "1,2";
				TEST_TARGET_NAME = swift_instagram;
			};
			name = Debug;
		};
		9B64336C2742B14E00F53E56 /* Release */ = {
			isa = XCBuildConfiguration;
			buildSettings = {
				ALWAYS_EMBED_SWIFT_STANDARD_LIBRARIES = YES;
				CODE_SIGN_STYLE = Automatic;
				CURRENT_PROJECT_VERSION = 1;
				DEVELOPMENT_TEAM = JUG5Q2JKZC;
				GENERATE_INFOPLIST_FILE = YES;
				LD_RUNPATH_SEARCH_PATHS = (
					"$(inherited)",
					"@executable_path/Frameworks",
					"@loader_path/Frameworks",
				);
				MARKETING_VERSION = 1.0;
				PRODUCT_BUNDLE_IDENTIFIER = "com.app.swift.swift-instagramUITests";
				PRODUCT_NAME = "$(TARGET_NAME)";
				SWIFT_EMIT_LOC_STRINGS = NO;
				SWIFT_VERSION = 5.0;
				TARGETED_DEVICE_FAMILY = "1,2";
				TEST_TARGET_NAME = swift_instagram;
			};
			name = Release;
		};
/* End XCBuildConfiguration section */

/* Begin XCConfigurationList section */
		9B6433352742B14E00F53E56 /* Build configuration list for PBXProject "swift_instagram" */ = {
			isa = XCConfigurationList;
			buildConfigurations = (
				9B6433622742B14E00F53E56 /* Debug */,
				9B6433632742B14E00F53E56 /* Release */,
			);
			defaultConfigurationIsVisible = 0;
			defaultConfigurationName = Release;
		};
		9B6433642742B14E00F53E56 /* Build configuration list for PBXNativeTarget "swift_instagram" */ = {
			isa = XCConfigurationList;
			buildConfigurations = (
				9B6433652742B14E00F53E56 /* Debug */,
				9B6433662742B14E00F53E56 /* Release */,
			);
			defaultConfigurationIsVisible = 0;
			defaultConfigurationName = Release;
		};
		9B6433672742B14E00F53E56 /* Build configuration list for PBXNativeTarget "swift_instagramTests" */ = {
			isa = XCConfigurationList;
			buildConfigurations = (
				9B6433682742B14E00F53E56 /* Debug */,
				9B6433692742B14E00F53E56 /* Release */,
			);
			defaultConfigurationIsVisible = 0;
			defaultConfigurationName = Release;
		};
		9B64336A2742B14E00F53E56 /* Build configuration list for PBXNativeTarget "swift_instagramUITests" */ = {
			isa = XCConfigurationList;
			buildConfigurations = (
				9B64336B2742B14E00F53E56 /* Debug */,
				9B64336C2742B14E00F53E56 /* Release */,
			);
			defaultConfigurationIsVisible = 0;
			defaultConfigurationName = Release;
		};
/* End XCConfigurationList section */
	};
	rootObject = 9B6433322742B14E00F53E56 /* Project object */;
}
